
Microsoft Visual Studio Solution File, Format Version 12.00
# Visual Studio Version 17
VisualStudioVersion = 17.0.31912.275
MinimumVisualStudioVersion = 10.0.40219.1
Project("{FAE04EC0-301F-11D3-BF4B-00C04F79EFBC}") = "ReversiMvcApp", "ReversiMvcApp\ReversiMvcApp.csproj", "{EBEBA447-FE96-430D-873C-3FD0A49F601B}"
EndProject
Global
	GlobalSection(SolutionConfigurationPlatforms) = preSolution
		Debug|Any CPU = Debug|Any CPU
		Release|Any CPU = Release|Any CPU
	EndGlobalSection
	GlobalSection(ProjectConfigurationPlatforms) = postSolution
		{EBEBA447-FE96-430D-873C-3FD0A49F601B}.Debug|Any CPU.ActiveCfg = Debug|Any CPU
		{EBEBA447-FE96-430D-873C-3FD0A49F601B}.Debug|Any CPU.Build.0 = Debug|Any CPU
		{EBEBA447-FE96-430D-873C-3FD0A49F601B}.Release|Any CPU.ActiveCfg = Release|Any CPU
		{EBEBA447-FE96-430D-873C-3FD0A49F601B}.Release|Any CPU.Build.0 = Release|Any CPU
	EndGlobalSection
	GlobalSection(SolutionProperties) = preSolution
		HideSolutionNode = FALSE
	EndGlobalSection
	GlobalSection(ExtensibilityGlobals) = postSolution
		SolutionGuid = {80AA12FD-FAE3-4C84-B65B-29F3573D6FAB}
	EndGlobalSection
EndGlobal
